// !$*UTF8*$!
{
	archiveVersion = 1;
	classes = {
	};
	objectVersion = 50;
	objects = {

/* Begin PBXBuildFile section */
		EE105477213ABA8B00A08D90 /* vm.cpp in Sources */ = {isa = PBXBuildFile; fileRef = EE105475213ABA8B00A08D90 /* vm.cpp */; };
		EEC564BC213691680020CAA0 /* main.cpp in Sources */ = {isa = PBXBuildFile; fileRef = EEC564BB213691680020CAA0 /* main.cpp */; };
		EEC564C6213694D50020CAA0 /* chunk.cpp in Sources */ = {isa = PBXBuildFile; fileRef = EEC564C4213694D50020CAA0 /* chunk.cpp */; };
		EEC564CC213A511C0020CAA0 /* value.cpp in Sources */ = {isa = PBXBuildFile; fileRef = EEC564CA213A511C0020CAA0 /* value.cpp */; };
/* End PBXBuildFile section */

/* Begin PBXCopyFilesBuildPhase section */
		EEC564B6213691680020CAA0 /* CopyFiles */ = {
			isa = PBXCopyFilesBuildPhase;
			buildActionMask = 2147483647;
			dstPath = /usr/share/man/man1/;
			dstSubfolderSpec = 0;
			files = (
			);
			runOnlyForDeploymentPostprocessing = 1;
		};
/* End PBXCopyFilesBuildPhase section */

/* Begin PBXFileReference section */
		EE105475213ABA8B00A08D90 /* vm.cpp */ = {isa = PBXFileReference; lastKnownFileType = sourcecode.cpp.cpp; path = vm.cpp; sourceTree = "<group>"; };
		EE105476213ABA8B00A08D90 /* vm.hpp */ = {isa = PBXFileReference; lastKnownFileType = sourcecode.cpp.h; path = vm.hpp; sourceTree = "<group>"; };
		EEC564B8213691680020CAA0 /* cloxpp */ = {isa = PBXFileReference; explicitFileType = "compiled.mach-o.executable"; includeInIndex = 0; path = cloxpp; sourceTree = BUILT_PRODUCTS_DIR; };
		EEC564BB213691680020CAA0 /* main.cpp */ = {isa = PBXFileReference; lastKnownFileType = sourcecode.cpp.cpp; path = main.cpp; sourceTree = "<group>"; };
		EEC564C2213692730020CAA0 /* common.hpp */ = {isa = PBXFileReference; lastKnownFileType = sourcecode.cpp.h; path = common.hpp; sourceTree = "<group>"; };
		EEC564C4213694D50020CAA0 /* chunk.cpp */ = {isa = PBXFileReference; lastKnownFileType = sourcecode.cpp.cpp; path = chunk.cpp; sourceTree = "<group>"; };
		EEC564C5213694D50020CAA0 /* chunk.hpp */ = {isa = PBXFileReference; lastKnownFileType = sourcecode.cpp.h; path = chunk.hpp; sourceTree = "<group>"; };
		EEC564CA213A511C0020CAA0 /* value.cpp */ = {isa = PBXFileReference; lastKnownFileType = sourcecode.cpp.cpp; path = value.cpp; sourceTree = "<group>"; };
		EEC564CB213A511C0020CAA0 /* value.hpp */ = {isa = PBXFileReference; lastKnownFileType = sourcecode.cpp.h; path = value.hpp; sourceTree = "<group>"; };
/* End PBXFileReference section */

/* Begin PBXFrameworksBuildPhase section */
		EEC564B5213691680020CAA0 /* Frameworks */ = {
			isa = PBXFrameworksBuildPhase;
			buildActionMask = 2147483647;
			files = (
			);
			runOnlyForDeploymentPostprocessing = 0;
		};
/* End PBXFrameworksBuildPhase section */

/* Begin PBXGroup section */
		EEC564AF213691680020CAA0 = {
			isa = PBXGroup;
			children = (
				EEC564BA213691680020CAA0 /* cloxpp */,
				EEC564B9213691680020CAA0 /* Products */,
			);
			sourceTree = "<group>";
		};
		EEC564B9213691680020CAA0 /* Products */ = {
			isa = PBXGroup;
			children = (
				EEC564B8213691680020CAA0 /* cloxpp */,
			);
			name = Products;
			sourceTree = "<group>";
		};
		EEC564BA213691680020CAA0 /* cloxpp */ = {
			isa = PBXGroup;
			children = (
				EEC564BB213691680020CAA0 /* main.cpp */,
				EEC564C2213692730020CAA0 /* common.hpp */,
				EEC564C4213694D50020CAA0 /* chunk.cpp */,
				EEC564C5213694D50020CAA0 /* chunk.hpp */,
				EEC564CA213A511C0020CAA0 /* value.cpp */,
				EEC564CB213A511C0020CAA0 /* value.hpp */,
				EE105475213ABA8B00A08D90 /* vm.cpp */,
				EE105476213ABA8B00A08D90 /* vm.hpp */,
			);
			path = cloxpp;
			sourceTree = "<group>";
		};
/* End PBXGroup section */

/* Begin PBXNativeTarget section */
		EEC564B7213691680020CAA0 /* cloxpp */ = {
			isa = PBXNativeTarget;
			buildConfigurationList = EEC564BF213691680020CAA0 /* Build configuration list for PBXNativeTarget "cloxpp" */;
			buildPhases = (
				EEC564B4213691680020CAA0 /* Sources */,
				EEC564B5213691680020CAA0 /* Frameworks */,
				EEC564B6213691680020CAA0 /* CopyFiles */,
			);
			buildRules = (
			);
			dependencies = (
			);
			name = cloxpp;
			productName = cloxpp;
			productReference = EEC564B8213691680020CAA0 /* cloxpp */;
			productType = "com.apple.product-type.tool";
		};
/* End PBXNativeTarget section */

/* Begin PBXProject section */
		EEC564B0213691680020CAA0 /* Project object */ = {
			isa = PBXProject;
			attributes = {
				LastUpgradeCheck = 0940;
				ORGANIZATIONNAME = "Ahmad Alhashemi";
				TargetAttributes = {
					EEC564B7213691680020CAA0 = {
						CreatedOnToolsVersion = 9.4.1;
					};
				};
			};
			buildConfigurationList = EEC564B3213691680020CAA0 /* Build configuration list for PBXProject "cloxpp" */;
			compatibilityVersion = "Xcode 9.3";
			developmentRegion = en;
			hasScannedForEncodings = 0;
			knownRegions = (
				en,
			);
			mainGroup = EEC564AF213691680020CAA0;
			productRefGroup = EEC564B9213691680020CAA0 /* Products */;
			projectDirPath = "";
			projectRoot = "";
			targets = (
				EEC564B7213691680020CAA0 /* cloxpp */,
			);
		};
/* End PBXProject section */

/* Begin PBXSourcesBuildPhase section */
		EEC564B4213691680020CAA0 /* Sources */ = {
			isa = PBXSourcesBuildPhase;
			buildActionMask = 2147483647;
			files = (
				EEC564BC213691680020CAA0 /* main.cpp in Sources */,
				EEC564CC213A511C0020CAA0 /* value.cpp in Sources */,
				EE105477213ABA8B00A08D90 /* vm.cpp in Sources */,
				EEC564C6213694D50020CAA0 /* chunk.cpp in Sources */,
			);
			runOnlyForDeploymentPostprocessing = 0;
		};
/* End PBXSourcesBuildPhase section */

/* Begin XCBuildConfiguration section */
		EEC564BD213691680020CAA0 /* Debug */ = {
			isa = XCBuildConfiguration;
			buildSettings = {
				ALWAYS_SEARCH_USER_PATHS = NO;
				CLANG_ANALYZER_NONNULL = YES;
				CLANG_ANALYZER_NUMBER_OBJECT_CONVERSION = YES_AGGRESSIVE;
				CLANG_CXX_LANGUAGE_STANDARD = "gnu++14";
				CLANG_CXX_LIBRARY = "libc++";
				CLANG_ENABLE_MODULES = YES;
				CLANG_ENABLE_OBJC_ARC = YES;
				CLANG_ENABLE_OBJC_WEAK = YES;
				CLANG_WARN_BLOCK_CAPTURE_AUTORELEASING = YES;
				CLANG_WARN_BOOL_CONVERSION = YES;
				CLANG_WARN_COMMA = YES;
				CLANG_WARN_CONSTANT_CONVERSION = YES;
				CLANG_WARN_DEPRECATED_OBJC_IMPLEMENTATIONS = YES;
				CLANG_WARN_DIRECT_OBJC_ISA_USAGE = YES_ERROR;
				CLANG_WARN_DOCUMENTATION_COMMENTS = YES;
				CLANG_WARN_EMPTY_BODY = YES;
				CLANG_WARN_ENUM_CONVERSION = YES;
				CLANG_WARN_INFINITE_RECURSION = YES;
				CLANG_WARN_INT_CONVERSION = YES;
				CLANG_WARN_NON_LITERAL_NULL_CONVERSION = YES;
				CLANG_WARN_OBJC_IMPLICIT_RETAIN_SELF = YES;
				CLANG_WARN_OBJC_LITERAL_CONVERSION = YES;
				CLANG_WARN_OBJC_ROOT_CLASS = YES_ERROR;
				CLANG_WARN_RANGE_LOOP_ANALYSIS = YES;
				CLANG_WARN_STRICT_PROTOTYPES = YES;
				CLANG_WARN_SUSPICIOUS_MOVE = YES;
				CLANG_WARN_UNGUARDED_AVAILABILITY = YES_AGGRESSIVE;
				CLANG_WARN_UNREACHABLE_CODE = YES;
				CLANG_WARN__DUPLICATE_METHOD_MATCH = YES;
				CODE_SIGN_IDENTITY = "-";
				COPY_PHASE_STRIP = NO;
				DEBUG_INFORMATION_FORMAT = dwarf;
				ENABLE_STRICT_OBJC_MSGSEND = YES;
				ENABLE_TESTABILITY = YES;
				GCC_C_LANGUAGE_STANDARD = gnu11;
				GCC_DYNAMIC_NO_PIC = NO;
				GCC_NO_COMMON_BLOCKS = YES;
				GCC_OPTIMIZATION_LEVEL = 0;
				GCC_PREPROCESSOR_DEFINITIONS = (
					"DEBUG=1",
					"$(inherited)",
				);
				GCC_WARN_64_TO_32_BIT_CONVERSION = YES;
				GCC_WARN_ABOUT_RETURN_TYPE = YES_ERROR;
				GCC_WARN_UNDECLARED_SELECTOR = YES;
				GCC_WARN_UNINITIALIZED_AUTOS = YES_AGGRESSIVE;
				GCC_WARN_UNUSED_FUNCTION = YES;
				GCC_WARN_UNUSED_VARIABLE = YES;
				MACOSX_DEPLOYMENT_TARGET = 10.13;
				MTL_ENABLE_DEBUG_INFO = YES;
				ONLY_ACTIVE_ARCH = YES;
				SDKROOT = macosx;
			};
			name = Debug;
		};
		EEC564BE213691680020CAA0 /* Release */ = {
			isa = XCBuildConfiguration;
			buildSettings = {
				ALWAYS_SEARCH_USER_PATHS = NO;
				CLANG_ANALYZER_NONNULL = YES;
				CLANG_ANALYZER_NUMBER_OBJECT_CONVERSION = YES_AGGRESSIVE;
				CLANG_CXX_LANGUAGE_STANDARD = "gnu++14";
				CLANG_CXX_LIBRARY = "libc++";
				CLANG_ENABLE_MODULES = YES;
				CLANG_ENABLE_OBJC_ARC = YES;
				CLANG_ENABLE_OBJC_WEAK = YES;
				CLANG_WARN_BLOCK_CAPTURE_AUTORELEASING = YES;
				CLANG_WARN_BOOL_CONVERSION = YES;
				CLANG_WARN_COMMA = YES;
				CLANG_WARN_CONSTANT_CONVERSION = YES;
				CLANG_WARN_DEPRECATED_OBJC_IMPLEMENTATIONS = YES;
				CLANG_WARN_DIRECT_OBJC_ISA_USAGE = YES_ERROR;
				CLANG_WARN_DOCUMENTATION_COMMENTS = YES;
				CLANG_WARN_EMPTY_BODY = YES;
				CLANG_WARN_ENUM_CONVERSION = YES;
				CLANG_WARN_INFINITE_RECURSION = YES;
				CLANG_WARN_INT_CONVERSION = YES;
				CLANG_WARN_NON_LITERAL_NULL_CONVERSION = YES;
				CLANG_WARN_OBJC_IMPLICIT_RETAIN_SELF = YES;
				CLANG_WARN_OBJC_LITERAL_CONVERSION = YES;
				CLANG_WARN_OBJC_ROOT_CLASS = YES_ERROR;
				CLANG_WARN_RANGE_LOOP_ANALYSIS = YES;
				CLANG_WARN_STRICT_PROTOTYPES = YES;
				CLANG_WARN_SUSPICIOUS_MOVE = YES;
				CLANG_WARN_UNGUARDED_AVAILABILITY = YES_AGGRESSIVE;
				CLANG_WARN_UNREACHABLE_CODE = YES;
				CLANG_WARN__DUPLICATE_METHOD_MATCH = YES;
				CODE_SIGN_IDENTITY = "-";
				COPY_PHASE_STRIP = NO;
				DEBUG_INFORMATION_FORMAT = "dwarf-with-dsym";
				ENABLE_NS_ASSERTIONS = NO;
				ENABLE_STRICT_OBJC_MSGSEND = YES;
				GCC_C_LANGUAGE_STANDARD = gnu11;
				GCC_NO_COMMON_BLOCKS = YES;
				GCC_WARN_64_TO_32_BIT_CONVERSION = YES;
				GCC_WARN_ABOUT_RETURN_TYPE = YES_ERROR;
				GCC_WARN_UNDECLARED_SELECTOR = YES;
				GCC_WARN_UNINITIALIZED_AUTOS = YES_AGGRESSIVE;
				GCC_WARN_UNUSED_FUNCTION = YES;
				GCC_WARN_UNUSED_VARIABLE = YES;
				MACOSX_DEPLOYMENT_TARGET = 10.13;
				MTL_ENABLE_DEBUG_INFO = NO;
				SDKROOT = macosx;
			};
			name = Release;
		};
		EEC564C0213691680020CAA0 /* Debug */ = {
			isa = XCBuildConfiguration;
			buildSettings = {
				CODE_SIGN_STYLE = Automatic;
				PRODUCT_NAME = "$(TARGET_NAME)";
			};
			name = Debug;
		};
		EEC564C1213691680020CAA0 /* Release */ = {
			isa = XCBuildConfiguration;
			buildSettings = {
				CODE_SIGN_STYLE = Automatic;
				PRODUCT_NAME = "$(TARGET_NAME)";
			};
			name = Release;
		};
/* End XCBuildConfiguration section */

/* Begin XCConfigurationList section */
		EEC564B3213691680020CAA0 /* Build configuration list for PBXProject "cloxpp" */ = {
			isa = XCConfigurationList;
			buildConfigurations = (
				EEC564BD213691680020CAA0 /* Debug */,
				EEC564BE213691680020CAA0 /* Release */,
			);
			defaultConfigurationIsVisible = 0;
			defaultConfigurationName = Release;
		};
		EEC564BF213691680020CAA0 /* Build configuration list for PBXNativeTarget "cloxpp" */ = {
			isa = XCConfigurationList;
			buildConfigurations = (
				EEC564C0213691680020CAA0 /* Debug */,
				EEC564C1213691680020CAA0 /* Release */,
			);
			defaultConfigurationIsVisible = 0;
			defaultConfigurationName = Release;
		};
/* End XCConfigurationList section */
	};
	rootObject = EEC564B0213691680020CAA0 /* Project object */;
}
